
Microsoft Visual Studio Solution File, Format Version 12.00
# Visual Studio Version 17
VisualStudioVersion = 17.5.33516.290
MinimumVisualStudioVersion = 10.0.40219.1
Project("{FAE04EC0-301F-11D3-BF4B-00C04F79EFBC}") = "Csharp", "Csharp.csproj", "{65AD3D52-EE5A-4748-AFB7-39FAB0D8253A}"
EndProject
Global
	GlobalSection(SolutionConfigurationPlatforms) = preSolution
		Debug|Any CPU = Debug|Any CPU
		Release|Any CPU = Release|Any CPU
	EndGlobalSection
	GlobalSection(ProjectConfigurationPlatforms) = postSolution
		{65AD3D52-EE5A-4748-AFB7-39FAB0D8253A}.Debug|Any CPU.ActiveCfg = Debug|Any CPU
		{65AD3D52-EE5A-4748-AFB7-39FAB0D8253A}.Debug|Any CPU.Build.0 = Debug|Any CPU
		{65AD3D52-EE5A-4748-AFB7-39FAB0D8253A}.Release|Any CPU.ActiveCfg = Release|Any CPU
		{65AD3D52-EE5A-4748-AFB7-39FAB0D8253A}.Release|Any CPU.Build.0 = Release|Any CPU
	EndGlobalSection
	GlobalSection(SolutionProperties) = preSolution
		HideSolutionNode = FALSE
	EndGlobalSection
	GlobalSection(ExtensibilityGlobals) = postSolution
		SolutionGuid = {C5B59020-9E77-49C0-B60B-F2EC31DBAD59}
	EndGlobalSection
EndGlobal
